// !$*UTF8*$!
{
	archiveVersion = 1;
	classes = {
	};
	objectVersion = 55;
	objects = {

/* Begin PBXBuildFile section */
		48E882D3277BA4B0006EE84A /* LoginView.swift in Sources */ = {isa = PBXBuildFile; fileRef = 48E882CF277BA4B0006EE84A /* LoginView.swift */; };
		48E882D4277BA4B0006EE84A /* LoginViewModel.swift in Sources */ = {isa = PBXBuildFile; fileRef = 48E882D0277BA4B0006EE84A /* LoginViewModel.swift */; };
		48E882D5277BA4B0006EE84A /* Login.swift in Sources */ = {isa = PBXBuildFile; fileRef = 48E882D1277BA4B0006EE84A /* Login.swift */; };
		48E882D6277BA4B0006EE84A /* LoginUI.swift in Sources */ = {isa = PBXBuildFile; fileRef = 48E882D2277BA4B0006EE84A /* LoginUI.swift */; };
		48E882D8277BA4B9006EE84A /* View.xib in Resources */ = {isa = PBXBuildFile; fileRef = 48E882D7277BA4B9006EE84A /* View.xib */; };
		48FB98E7277A0B220053CD32 /* AppDelegate.swift in Sources */ = {isa = PBXBuildFile; fileRef = 48FB98E6277A0B220053CD32 /* AppDelegate.swift */; };
		48FB98EB277A0B220053CD32 /* IntroContentViewController.swift in Sources */ = {isa = PBXBuildFile; fileRef = 48FB98EA277A0B220053CD32 /* IntroContentViewController.swift */; };
		48FB98EE277A0B220053CD32 /* Intro.storyboard in Resources */ = {isa = PBXBuildFile; fileRef = 48FB98EC277A0B220053CD32 /* Intro.storyboard */; };
		48FB98F0277A0B220053CD32 /* Assets.xcassets in Resources */ = {isa = PBXBuildFile; fileRef = 48FB98EF277A0B220053CD32 /* Assets.xcassets */; };
		48FB98F3277A0B220053CD32 /* LaunchScreen.storyboard in Resources */ = {isa = PBXBuildFile; fileRef = 48FB98F1277A0B220053CD32 /* LaunchScreen.storyboard */; };
		48FB9905277A187A0053CD32 /* Ubuntu-Medium.ttf in Resources */ = {isa = PBXBuildFile; fileRef = 48FB98FC277A187A0053CD32 /* Ubuntu-Medium.ttf */; };
		48FB9906277A187A0053CD32 /* Ubuntu-LightItalic.ttf in Resources */ = {isa = PBXBuildFile; fileRef = 48FB98FD277A187A0053CD32 /* Ubuntu-LightItalic.ttf */; };
		48FB9907277A187A0053CD32 /* Ubuntu-Regular.ttf in Resources */ = {isa = PBXBuildFile; fileRef = 48FB98FE277A187A0053CD32 /* Ubuntu-Regular.ttf */; };
		48FB9908277A187A0053CD32 /* Ubuntu-Bold.ttf in Resources */ = {isa = PBXBuildFile; fileRef = 48FB98FF277A187A0053CD32 /* Ubuntu-Bold.ttf */; };
		48FB9909277A187A0053CD32 /* Ubuntu-MediumItalic.ttf in Resources */ = {isa = PBXBuildFile; fileRef = 48FB9900277A187A0053CD32 /* Ubuntu-MediumItalic.ttf */; };
		48FB990A277A187A0053CD32 /* Ubuntu-BoldItalic.ttf in Resources */ = {isa = PBXBuildFile; fileRef = 48FB9901277A187A0053CD32 /* Ubuntu-BoldItalic.ttf */; };
		48FB990B277A187A0053CD32 /* Ubuntu-Italic.ttf in Resources */ = {isa = PBXBuildFile; fileRef = 48FB9902277A187A0053CD32 /* Ubuntu-Italic.ttf */; };
		48FB990C277A187A0053CD32 /* Ubuntu-Light.ttf in Resources */ = {isa = PBXBuildFile; fileRef = 48FB9903277A187A0053CD32 /* Ubuntu-Light.ttf */; };
		48FB990D277A187A0053CD32 /* UFL.txt in Resources */ = {isa = PBXBuildFile; fileRef = 48FB9904277A187A0053CD32 /* UFL.txt */; };
		48FB9913277A1C070053CD32 /* Radomir Tinkov Free Font EULA .pdf in Resources */ = {isa = PBXBuildFile; fileRef = 48FB9910277A1C070053CD32 /* Radomir Tinkov Free Font EULA .pdf */; };
		48FB9914277A1C070053CD32 /* Gilroy-Light.otf in Resources */ = {isa = PBXBuildFile; fileRef = 48FB9911277A1C070053CD32 /* Gilroy-Light.otf */; };
		48FB9915277A1C070053CD32 /* Gilroy-ExtraBold.otf in Resources */ = {isa = PBXBuildFile; fileRef = 48FB9912277A1C070053CD32 /* Gilroy-ExtraBold.otf */; };
		48FB9919277A250F0053CD32 /* IntroPageViewController.swift in Sources */ = {isa = PBXBuildFile; fileRef = 48FB9918277A250F0053CD32 /* IntroPageViewController.swift */; };
		9BC07982FA28B41ABC9FD391 /* Pods_MasterGo.framework in Frameworks */ = {isa = PBXBuildFile; fileRef = D4D500D2ACF2B6133F8C637A /* Pods_MasterGo.framework */; };
/* End PBXBuildFile section */

/* Begin PBXFileReference section */
		48E882CF277BA4B0006EE84A /* LoginView.swift */ = {isa = PBXFileReference; lastKnownFileType = sourcecode.swift; path = LoginView.swift; sourceTree = "<group>"; };
		48E882D0277BA4B0006EE84A /* LoginViewModel.swift */ = {isa = PBXFileReference; lastKnownFileType = sourcecode.swift; path = LoginViewModel.swift; sourceTree = "<group>"; };
		48E882D1277BA4B0006EE84A /* Login.swift */ = {isa = PBXFileReference; lastKnownFileType = sourcecode.swift; path = Login.swift; sourceTree = "<group>"; };
		48E882D2277BA4B0006EE84A /* LoginUI.swift */ = {isa = PBXFileReference; lastKnownFileType = sourcecode.swift; path = LoginUI.swift; sourceTree = "<group>"; };
		48E882D7277BA4B9006EE84A /* View.xib */ = {isa = PBXFileReference; lastKnownFileType = file.xib; path = View.xib; sourceTree = "<group>"; };
		48FB98E3277A0B220053CD32 /* MasterGo.app */ = {isa = PBXFileReference; explicitFileType = wrapper.application; includeInIndex = 0; path = MasterGo.app; sourceTree = BUILT_PRODUCTS_DIR; };
		48FB98E6277A0B220053CD32 /* AppDelegate.swift */ = {isa = PBXFileReference; lastKnownFileType = sourcecode.swift; path = AppDelegate.swift; sourceTree = "<group>"; };
		48FB98EA277A0B220053CD32 /* IntroContentViewController.swift */ = {isa = PBXFileReference; lastKnownFileType = sourcecode.swift; path = IntroContentViewController.swift; sourceTree = "<group>"; };
		48FB98ED277A0B220053CD32 /* Base */ = {isa = PBXFileReference; lastKnownFileType = file.storyboard; name = Base; path = Base.lproj/Intro.storyboard; sourceTree = "<group>"; };
		48FB98EF277A0B220053CD32 /* Assets.xcassets */ = {isa = PBXFileReference; lastKnownFileType = folder.assetcatalog; path = Assets.xcassets; sourceTree = "<group>"; };
		48FB98F2277A0B220053CD32 /* Base */ = {isa = PBXFileReference; lastKnownFileType = file.storyboard; name = Base; path = Base.lproj/LaunchScreen.storyboard; sourceTree = "<group>"; };
		48FB98F4277A0B220053CD32 /* Info.plist */ = {isa = PBXFileReference; lastKnownFileType = text.plist.xml; path = Info.plist; sourceTree = "<group>"; };
		48FB98FC277A187A0053CD32 /* Ubuntu-Medium.ttf */ = {isa = PBXFileReference; lastKnownFileType = file; path = "Ubuntu-Medium.ttf"; sourceTree = "<group>"; };
		48FB98FD277A187A0053CD32 /* Ubuntu-LightItalic.ttf */ = {isa = PBXFileReference; lastKnownFileType = file; path = "Ubuntu-LightItalic.ttf"; sourceTree = "<group>"; };
		48FB98FE277A187A0053CD32 /* Ubuntu-Regular.ttf */ = {isa = PBXFileReference; lastKnownFileType = file; path = "Ubuntu-Regular.ttf"; sourceTree = "<group>"; };
		48FB98FF277A187A0053CD32 /* Ubuntu-Bold.ttf */ = {isa = PBXFileReference; lastKnownFileType = file; path = "Ubuntu-Bold.ttf"; sourceTree = "<group>"; };
		48FB9900277A187A0053CD32 /* Ubuntu-MediumItalic.ttf */ = {isa = PBXFileReference; lastKnownFileType = file; path = "Ubuntu-MediumItalic.ttf"; sourceTree = "<group>"; };
		48FB9901277A187A0053CD32 /* Ubuntu-BoldItalic.ttf */ = {isa = PBXFileReference; lastKnownFileType = file; path = "Ubuntu-BoldItalic.ttf"; sourceTree = "<group>"; };
		48FB9902277A187A0053CD32 /* Ubuntu-Italic.ttf */ = {isa = PBXFileReference; lastKnownFileType = file; path = "Ubuntu-Italic.ttf"; sourceTree = "<group>"; };
		48FB9903277A187A0053CD32 /* Ubuntu-Light.ttf */ = {isa = PBXFileReference; lastKnownFileType = file; path = "Ubuntu-Light.ttf"; sourceTree = "<group>"; };
		48FB9904277A187A0053CD32 /* UFL.txt */ = {isa = PBXFileReference; fileEncoding = 4; lastKnownFileType = text; path = UFL.txt; sourceTree = "<group>"; };
		48FB9910277A1C070053CD32 /* Radomir Tinkov Free Font EULA .pdf */ = {isa = PBXFileReference; lastKnownFileType = image.pdf; path = "Radomir Tinkov Free Font EULA .pdf"; sourceTree = "<group>"; };
		48FB9911277A1C070053CD32 /* Gilroy-Light.otf */ = {isa = PBXFileReference; lastKnownFileType = file; path = "Gilroy-Light.otf"; sourceTree = "<group>"; };
		48FB9912277A1C070053CD32 /* Gilroy-ExtraBold.otf */ = {isa = PBXFileReference; lastKnownFileType = file; path = "Gilroy-ExtraBold.otf"; sourceTree = "<group>"; };
		48FB9918277A250F0053CD32 /* IntroPageViewController.swift */ = {isa = PBXFileReference; lastKnownFileType = sourcecode.swift; path = IntroPageViewController.swift; sourceTree = "<group>"; };
		91CE7614595332E634732259 /* Pods-MasterGo.release.xcconfig */ = {isa = PBXFileReference; includeInIndex = 1; lastKnownFileType = text.xcconfig; name = "Pods-MasterGo.release.xcconfig"; path = "Target Support Files/Pods-MasterGo/Pods-MasterGo.release.xcconfig"; sourceTree = "<group>"; };
		B98093ACD53869CF06C4588C /* Pods-MasterGo.debug.xcconfig */ = {isa = PBXFileReference; includeInIndex = 1; lastKnownFileType = text.xcconfig; name = "Pods-MasterGo.debug.xcconfig"; path = "Target Support Files/Pods-MasterGo/Pods-MasterGo.debug.xcconfig"; sourceTree = "<group>"; };
		D4D500D2ACF2B6133F8C637A /* Pods_MasterGo.framework */ = {isa = PBXFileReference; explicitFileType = wrapper.framework; includeInIndex = 0; path = Pods_MasterGo.framework; sourceTree = BUILT_PRODUCTS_DIR; };
/* End PBXFileReference section */

/* Begin PBXFrameworksBuildPhase section */
		48FB98E0277A0B220053CD32 /* Frameworks */ = {
			isa = PBXFrameworksBuildPhase;
			buildActionMask = 2147483647;
			files = (
				9BC07982FA28B41ABC9FD391 /* Pods_MasterGo.framework in Frameworks */,
			);
			runOnlyForDeploymentPostprocessing = 0;
		};
/* End PBXFrameworksBuildPhase section */

/* Begin PBXGroup section */
		18088370D0D11548C596441D /* Frameworks */ = {
			isa = PBXGroup;
			children = (
				D4D500D2ACF2B6133F8C637A /* Pods_MasterGo.framework */,
			);
			name = Frameworks;
			sourceTree = "<group>";
		};
		48E882B6277B9CA1006EE84A /* Intro */ = {
			isa = PBXGroup;
			children = (
				48FB98EA277A0B220053CD32 /* IntroContentViewController.swift */,
				48FB9918277A250F0053CD32 /* IntroPageViewController.swift */,
				48FB98EC277A0B220053CD32 /* Intro.storyboard */,
			);
			path = Intro;
			sourceTree = "<group>";
		};
		48E882B9277B9E67006EE84A /* Registeration */ = {
			isa = PBXGroup;
			children = (
				48E882CF277BA4B0006EE84A /* LoginView.swift */,
				48E882D0277BA4B0006EE84A /* LoginViewModel.swift */,
				48E882D1277BA4B0006EE84A /* Login.swift */,
				48E882D2277BA4B0006EE84A /* LoginUI.swift */,
				48E882D7277BA4B9006EE84A /* View.xib */,
			);
			path = Registeration;
			sourceTree = "<group>";
		};
		48FB98DA277A0B210053CD32 = {
			isa = PBXGroup;
			children = (
				48FB98E5277A0B220053CD32 /* MasterGo */,
				48FB98E4277A0B220053CD32 /* Products */,
				F0B8985472F1B8B55E10B7BF /* Pods */,
				18088370D0D11548C596441D /* Frameworks */,
			);
			sourceTree = "<group>";
		};
		48FB98E4277A0B220053CD32 /* Products */ = {
			isa = PBXGroup;
			children = (
				48FB98E3277A0B220053CD32 /* MasterGo.app */,
			);
			name = Products;
			sourceTree = "<group>";
		};
		48FB98E5277A0B220053CD32 /* MasterGo */ = {
			isa = PBXGroup;
			children = (
				48E882B9277B9E67006EE84A /* Registeration */,
				48E882B6277B9CA1006EE84A /* Intro */,
				48FB98FA277A18660053CD32 /* SupportFiles */,
			);
			path = MasterGo;
			sourceTree = "<group>";
		};
		48FB98FA277A18660053CD32 /* SupportFiles */ = {
			isa = PBXGroup;
			children = (
				48FB98E6277A0B220053CD32 /* AppDelegate.swift */,
				48FB98F4277A0B220053CD32 /* Info.plist */,
				48FB98EF277A0B220053CD32 /* Assets.xcassets */,
				48FB98F1277A0B220053CD32 /* LaunchScreen.storyboard */,
				48FB990E277A18D00053CD32 /* Fonts */,
			);
			path = SupportFiles;
			sourceTree = "<group>";
		};
		48FB98FB277A187A0053CD32 /* Ubuntu */ = {
			isa = PBXGroup;
			children = (
				48FB98FC277A187A0053CD32 /* Ubuntu-Medium.ttf */,
				48FB98FD277A187A0053CD32 /* Ubuntu-LightItalic.ttf */,
				48FB98FE277A187A0053CD32 /* Ubuntu-Regular.ttf */,
				48FB98FF277A187A0053CD32 /* Ubuntu-Bold.ttf */,
				48FB9900277A187A0053CD32 /* Ubuntu-MediumItalic.ttf */,
				48FB9901277A187A0053CD32 /* Ubuntu-BoldItalic.ttf */,
				48FB9902277A187A0053CD32 /* Ubuntu-Italic.ttf */,
				48FB9903277A187A0053CD32 /* Ubuntu-Light.ttf */,
				48FB9904277A187A0053CD32 /* UFL.txt */,
			);
			path = Ubuntu;
			sourceTree = "<group>";
		};
		48FB990E277A18D00053CD32 /* Fonts */ = {
			isa = PBXGroup;
			children = (
				48FB990F277A1C070053CD32 /* Gilroy-FREE */,
				48FB98FB277A187A0053CD32 /* Ubuntu */,
			);
			path = Fonts;
			sourceTree = "<group>";
		};
		48FB990F277A1C070053CD32 /* Gilroy-FREE */ = {
			isa = PBXGroup;
			children = (
				48FB9910277A1C070053CD32 /* Radomir Tinkov Free Font EULA .pdf */,
				48FB9911277A1C070053CD32 /* Gilroy-Light.otf */,
				48FB9912277A1C070053CD32 /* Gilroy-ExtraBold.otf */,
			);
			path = "Gilroy-FREE";
			sourceTree = "<group>";
		};
		F0B8985472F1B8B55E10B7BF /* Pods */ = {
			isa = PBXGroup;
			children = (
				B98093ACD53869CF06C4588C /* Pods-MasterGo.debug.xcconfig */,
				91CE7614595332E634732259 /* Pods-MasterGo.release.xcconfig */,
			);
			path = Pods;
			sourceTree = "<group>";
		};
/* End PBXGroup section */

/* Begin PBXNativeTarget section */
		48FB98E2277A0B220053CD32 /* MasterGo */ = {
			isa = PBXNativeTarget;
			buildConfigurationList = 48FB98F7277A0B220053CD32 /* Build configuration list for PBXNativeTarget "MasterGo" */;
			buildPhases = (
				DAF35D4B09E6812EF4960C9D /* [CP] Check Pods Manifest.lock */,
				48FB98DF277A0B220053CD32 /* Sources */,
				48FB98E0277A0B220053CD32 /* Frameworks */,
				48FB98E1277A0B220053CD32 /* Resources */,
				13D267AC73ADADB14DE4FF57 /* [CP] Embed Pods Frameworks */,
			);
			buildRules = (
			);
			dependencies = (
			);
			name = MasterGo;
			productName = MasterGo;
			productReference = 48FB98E3277A0B220053CD32 /* MasterGo.app */;
			productType = "com.apple.product-type.application";
		};
/* End PBXNativeTarget section */

/* Begin PBXProject section */
		48FB98DB277A0B210053CD32 /* Project object */ = {
			isa = PBXProject;
			attributes = {
				BuildIndependentTargetsInParallel = 1;
				LastSwiftUpdateCheck = 1310;
				LastUpgradeCheck = 1310;
				TargetAttributes = {
					48FB98E2277A0B220053CD32 = {
						CreatedOnToolsVersion = 13.1;
					};
				};
			};
			buildConfigurationList = 48FB98DE277A0B210053CD32 /* Build configuration list for PBXProject "MasterGo" */;
			compatibilityVersion = "Xcode 13.0";
			developmentRegion = en;
			hasScannedForEncodings = 0;
			knownRegions = (
				en,
				Base,
			);
			mainGroup = 48FB98DA277A0B210053CD32;
			productRefGroup = 48FB98E4277A0B220053CD32 /* Products */;
			projectDirPath = "";
			projectRoot = "";
			targets = (
				48FB98E2277A0B220053CD32 /* MasterGo */,
			);
		};
/* End PBXProject section */

/* Begin PBXResourcesBuildPhase section */
		48FB98E1277A0B220053CD32 /* Resources */ = {
			isa = PBXResourcesBuildPhase;
			buildActionMask = 2147483647;
			files = (
				48FB990D277A187A0053CD32 /* UFL.txt in Resources */,
				48FB9907277A187A0053CD32 /* Ubuntu-Regular.ttf in Resources */,
				48FB9915277A1C070053CD32 /* Gilroy-ExtraBold.otf in Resources */,
				48FB9906277A187A0053CD32 /* Ubuntu-LightItalic.ttf in Resources */,
				48E882D8277BA4B9006EE84A /* View.xib in Resources */,
				48FB9913277A1C070053CD32 /* Radomir Tinkov Free Font EULA .pdf in Resources */,
				48FB990A277A187A0053CD32 /* Ubuntu-BoldItalic.ttf in Resources */,
				48FB990B277A187A0053CD32 /* Ubuntu-Italic.ttf in Resources */,
				48FB990C277A187A0053CD32 /* Ubuntu-Light.ttf in Resources */,
				48FB9909277A187A0053CD32 /* Ubuntu-MediumItalic.ttf in Resources */,
				48FB9914277A1C070053CD32 /* Gilroy-Light.otf in Resources */,
				48FB98F3277A0B220053CD32 /* LaunchScreen.storyboard in Resources */,
				48FB98F0277A0B220053CD32 /* Assets.xcassets in Resources */,
				48FB9908277A187A0053CD32 /* Ubuntu-Bold.ttf in Resources */,
				48FB9905277A187A0053CD32 /* Ubuntu-Medium.ttf in Resources */,
				48FB98EE277A0B220053CD32 /* Intro.storyboard in Resources */,
			);
			runOnlyForDeploymentPostprocessing = 0;
		};
/* End PBXResourcesBuildPhase section */

/* Begin PBXShellScriptBuildPhase section */
		13D267AC73ADADB14DE4FF57 /* [CP] Embed Pods Frameworks */ = {
			isa = PBXShellScriptBuildPhase;
			buildActionMask = 2147483647;
			files = (
			);
			inputFileListPaths = (
				"${PODS_ROOT}/Target Support Files/Pods-MasterGo/Pods-MasterGo-frameworks-${CONFIGURATION}-input-files.xcfilelist",
			);
			name = "[CP] Embed Pods Frameworks";
			outputFileListPaths = (
				"${PODS_ROOT}/Target Support Files/Pods-MasterGo/Pods-MasterGo-frameworks-${CONFIGURATION}-output-files.xcfilelist",
			);
			runOnlyForDeploymentPostprocessing = 0;
			shellPath = /bin/sh;
			shellScript = "\"${PODS_ROOT}/Target Support Files/Pods-MasterGo/Pods-MasterGo-frameworks.sh\"\n";
			showEnvVarsInLog = 0;
		};
		DAF35D4B09E6812EF4960C9D /* [CP] Check Pods Manifest.lock */ = {
			isa = PBXShellScriptBuildPhase;
			buildActionMask = 2147483647;
			files = (
			);
			inputFileListPaths = (
			);
			inputPaths = (
				"${PODS_PODFILE_DIR_PATH}/Podfile.lock",
				"${PODS_ROOT}/Manifest.lock",
			);
			name = "[CP] Check Pods Manifest.lock";
			outputFileListPaths = (
			);
			outputPaths = (
				"$(DERIVED_FILE_DIR)/Pods-MasterGo-checkManifestLockResult.txt",
			);
			runOnlyForDeploymentPostprocessing = 0;
			shellPath = /bin/sh;
			shellScript = "diff \"${PODS_PODFILE_DIR_PATH}/Podfile.lock\" \"${PODS_ROOT}/Manifest.lock\" > /dev/null\nif [ $? != 0 ] ; then\n    # print error to STDERR\n    echo \"error: The sandbox is not in sync with the Podfile.lock. Run 'pod install' or update your CocoaPods installation.\" >&2\n    exit 1\nfi\n# This output is used by Xcode 'outputs' to avoid re-running this script phase.\necho \"SUCCESS\" > \"${SCRIPT_OUTPUT_FILE_0}\"\n";
			showEnvVarsInLog = 0;
		};
/* End PBXShellScriptBuildPhase section */

/* Begin PBXSourcesBuildPhase section */
		48FB98DF277A0B220053CD32 /* Sources */ = {
			isa = PBXSourcesBuildPhase;
			buildActionMask = 2147483647;
			files = (
				48FB98EB277A0B220053CD32 /* IntroContentViewController.swift in Sources */,
				48E882D6277BA4B0006EE84A /* LoginUI.swift in Sources */,
				48FB98E7277A0B220053CD32 /* AppDelegate.swift in Sources */,
				48E882D3277BA4B0006EE84A /* LoginView.swift in Sources */,
				48E882D5277BA4B0006EE84A /* Login.swift in Sources */,
				48E882D4277BA4B0006EE84A /* LoginViewModel.swift in Sources */,
				48FB9919277A250F0053CD32 /* IntroPageViewController.swift in Sources */,
			);
			runOnlyForDeploymentPostprocessing = 0;
		};
/* End PBXSourcesBuildPhase section */

/* Begin PBXVariantGroup section */
		48FB98EC277A0B220053CD32 /* Intro.storyboard */ = {
			isa = PBXVariantGroup;
			children = (
				48FB98ED277A0B220053CD32 /* Base */,
			);
			name = Intro.storyboard;
			sourceTree = "<group>";
		};
		48FB98F1277A0B220053CD32 /* LaunchScreen.storyboard */ = {
			isa = PBXVariantGroup;
			children = (
				48FB98F2277A0B220053CD32 /* Base */,
			);
			name = LaunchScreen.storyboard;
			sourceTree = "<group>";
		};
/* End PBXVariantGroup section */

/* Begin XCBuildConfiguration section */
		48FB98F5277A0B220053CD32 /* Debug */ = {
			isa = XCBuildConfiguration;
			buildSettings = {
				ALWAYS_SEARCH_USER_PATHS = NO;
				CLANG_ANALYZER_NONNULL = YES;
				CLANG_ANALYZER_NUMBER_OBJECT_CONVERSION = YES_AGGRESSIVE;
				CLANG_CXX_LANGUAGE_STANDARD = "gnu++17";
				CLANG_CXX_LIBRARY = "libc++";
				CLANG_ENABLE_MODULES = YES;
				CLANG_ENABLE_OBJC_ARC = YES;
				CLANG_ENABLE_OBJC_WEAK = YES;
				CLANG_WARN_BLOCK_CAPTURE_AUTORELEASING = YES;
				CLANG_WARN_BOOL_CONVERSION = YES;
				CLANG_WARN_COMMA = YES;
				CLANG_WARN_CONSTANT_CONVERSION = YES;
				CLANG_WARN_DEPRECATED_OBJC_IMPLEMENTATIONS = YES;
				CLANG_WARN_DIRECT_OBJC_ISA_USAGE = YES_ERROR;
				CLANG_WARN_DOCUMENTATION_COMMENTS = YES;
				CLANG_WARN_EMPTY_BODY = YES;
				CLANG_WARN_ENUM_CONVERSION = YES;
				CLANG_WARN_INFINITE_RECURSION = YES;
				CLANG_WARN_INT_CONVERSION = YES;
				CLANG_WARN_NON_LITERAL_NULL_CONVERSION = YES;
				CLANG_WARN_OBJC_IMPLICIT_RETAIN_SELF = YES;
				CLANG_WARN_OBJC_LITERAL_CONVERSION = YES;
				CLANG_WARN_OBJC_ROOT_CLASS = YES_ERROR;
				CLANG_WARN_QUOTED_INCLUDE_IN_FRAMEWORK_HEADER = YES;
				CLANG_WARN_RANGE_LOOP_ANALYSIS = YES;
				CLANG_WARN_STRICT_PROTOTYPES = YES;
				CLANG_WARN_SUSPICIOUS_MOVE = YES;
				CLANG_WARN_UNGUARDED_AVAILABILITY = YES_AGGRESSIVE;
				CLANG_WARN_UNREACHABLE_CODE = YES;
				CLANG_WARN__DUPLICATE_METHOD_MATCH = YES;
				COPY_PHASE_STRIP = NO;
				DEBUG_INFORMATION_FORMAT = dwarf;
				ENABLE_STRICT_OBJC_MSGSEND = YES;
				ENABLE_TESTABILITY = YES;
				GCC_C_LANGUAGE_STANDARD = gnu11;
				GCC_DYNAMIC_NO_PIC = NO;
				GCC_NO_COMMON_BLOCKS = YES;
				GCC_OPTIMIZATION_LEVEL = 0;
				GCC_PREPROCESSOR_DEFINITIONS = (
					"DEBUG=1",
					"$(inherited)",
				);
				GCC_WARN_64_TO_32_BIT_CONVERSION = YES;
				GCC_WARN_ABOUT_RETURN_TYPE = YES_ERROR;
				GCC_WARN_UNDECLARED_SELECTOR = YES;
				GCC_WARN_UNINITIALIZED_AUTOS = YES_AGGRESSIVE;
				GCC_WARN_UNUSED_FUNCTION = YES;
				GCC_WARN_UNUSED_VARIABLE = YES;
				IPHONEOS_DEPLOYMENT_TARGET = 15.0;
				MTL_ENABLE_DEBUG_INFO = INCLUDE_SOURCE;
				MTL_FAST_MATH = YES;
				ONLY_ACTIVE_ARCH = YES;
				SDKROOT = iphoneos;
				SWIFT_ACTIVE_COMPILATION_CONDITIONS = DEBUG;
				SWIFT_OPTIMIZATION_LEVEL = "-Onone";
			};
			name = Debug;
		};
		48FB98F6277A0B220053CD32 /* Release */ = {
			isa = XCBuildConfiguration;
			buildSettings = {
				ALWAYS_SEARCH_USER_PATHS = NO;
				CLANG_ANALYZER_NONNULL = YES;
				CLANG_ANALYZER_NUMBER_OBJECT_CONVERSION = YES_AGGRESSIVE;
				CLANG_CXX_LANGUAGE_STANDARD = "gnu++17";
				CLANG_CXX_LIBRARY = "libc++";
				CLANG_ENABLE_MODULES = YES;
				CLANG_ENABLE_OBJC_ARC = YES;
				CLANG_ENABLE_OBJC_WEAK = YES;
				CLANG_WARN_BLOCK_CAPTURE_AUTORELEASING = YES;
				CLANG_WARN_BOOL_CONVERSION = YES;
				CLANG_WARN_COMMA = YES;
				CLANG_WARN_CONSTANT_CONVERSION = YES;
				CLANG_WARN_DEPRECATED_OBJC_IMPLEMENTATIONS = YES;
				CLANG_WARN_DIRECT_OBJC_ISA_USAGE = YES_ERROR;
				CLANG_WARN_DOCUMENTATION_COMMENTS = YES;
				CLANG_WARN_EMPTY_BODY = YES;
				CLANG_WARN_ENUM_CONVERSION = YES;
				CLANG_WARN_INFINITE_RECURSION = YES;
				CLANG_WARN_INT_CONVERSION = YES;
				CLANG_WARN_NON_LITERAL_NULL_CONVERSION = YES;
				CLANG_WARN_OBJC_IMPLICIT_RETAIN_SELF = YES;
				CLANG_WARN_OBJC_LITERAL_CONVERSION = YES;
				CLANG_WARN_OBJC_ROOT_CLASS = YES_ERROR;
				CLANG_WARN_QUOTED_INCLUDE_IN_FRAMEWORK_HEADER = YES;
				CLANG_WARN_RANGE_LOOP_ANALYSIS = YES;
				CLANG_WARN_STRICT_PROTOTYPES = YES;
				CLANG_WARN_SUSPICIOUS_MOVE = YES;
				CLANG_WARN_UNGUARDED_AVAILABILITY = YES_AGGRESSIVE;
				CLANG_WARN_UNREACHABLE_CODE = YES;
				CLANG_WARN__DUPLICATE_METHOD_MATCH = YES;
				COPY_PHASE_STRIP = NO;
				DEBUG_INFORMATION_FORMAT = "dwarf-with-dsym";
				ENABLE_NS_ASSERTIONS = NO;
				ENABLE_STRICT_OBJC_MSGSEND = YES;
				GCC_C_LANGUAGE_STANDARD = gnu11;
				GCC_NO_COMMON_BLOCKS = YES;
				GCC_WARN_64_TO_32_BIT_CONVERSION = YES;
				GCC_WARN_ABOUT_RETURN_TYPE = YES_ERROR;
				GCC_WARN_UNDECLARED_SELECTOR = YES;
				GCC_WARN_UNINITIALIZED_AUTOS = YES_AGGRESSIVE;
				GCC_WARN_UNUSED_FUNCTION = YES;
				GCC_WARN_UNUSED_VARIABLE = YES;
				IPHONEOS_DEPLOYMENT_TARGET = 15.0;
				MTL_ENABLE_DEBUG_INFO = NO;
				MTL_FAST_MATH = YES;
				SDKROOT = iphoneos;
				SWIFT_COMPILATION_MODE = wholemodule;
				SWIFT_OPTIMIZATION_LEVEL = "-O";
				VALIDATE_PRODUCT = YES;
			};
			name = Release;
		};
		48FB98F8277A0B220053CD32 /* Debug */ = {
			isa = XCBuildConfiguration;
			baseConfigurationReference = B98093ACD53869CF06C4588C /* Pods-MasterGo.debug.xcconfig */;
			buildSettings = {
				ASSETCATALOG_COMPILER_APPICON_NAME = AppIcon;
				ASSETCATALOG_COMPILER_GLOBAL_ACCENT_COLOR_NAME = AccentColor;
				CODE_SIGN_STYLE = Automatic;
				CURRENT_PROJECT_VERSION = 1;
				DEVELOPMENT_TEAM = Y9W5C9435Y;
				GENERATE_INFOPLIST_FILE = YES;
				INFOPLIST_FILE = MasterGo/SupportFiles/Info.plist;
				INFOPLIST_KEY_UIApplicationSupportsIndirectInputEvents = YES;
				INFOPLIST_KEY_UILaunchStoryboardName = LaunchScreen;
				INFOPLIST_KEY_UIMainStoryboardFile = Intro;
				INFOPLIST_KEY_UISupportedInterfaceOrientations_iPad = "UIInterfaceOrientationPortrait UIInterfaceOrientationPortraitUpsideDown UIInterfaceOrientationLandscapeLeft UIInterfaceOrientationLandscapeRight";
				INFOPLIST_KEY_UISupportedInterfaceOrientations_iPhone = "UIInterfaceOrientationPortrait UIInterfaceOrientationLandscapeLeft UIInterfaceOrientationLandscapeRight";
				LD_RUNPATH_SEARCH_PATHS = (
					"$(inherited)",
					"@executable_path/Frameworks",
				);
				MARKETING_VERSION = 1.0;
				PRODUCT_BUNDLE_IDENTIFIER = com.office.MasterGo;
				PRODUCT_NAME = "$(TARGET_NAME)";
				SWIFT_EMIT_LOC_STRINGS = YES;
				SWIFT_VERSION = 5.0;
				TARGETED_DEVICE_FAMILY = "1,2";
			};
			name = Debug;
		};
		48FB98F9277A0B220053CD32 /* Release */ = {
			isa = XCBuildConfiguration;
			baseConfigurationReference = 91CE7614595332E634732259 /* Pods-MasterGo.release.xcconfig */;
			buildSettings = {
				ASSETCATALOG_COMPILER_APPICON_NAME = AppIcon;
				ASSETCATALOG_COMPILER_GLOBAL_ACCENT_COLOR_NAME = AccentColor;
				CODE_SIGN_STYLE = Automatic;
				CURRENT_PROJECT_VERSION = 1;
				DEVELOPMENT_TEAM = Y9W5C9435Y;
				GENERATE_INFOPLIST_FILE = YES;
				INFOPLIST_FILE = MasterGo/SupportFiles/Info.plist;
				INFOPLIST_KEY_UIApplicationSupportsIndirectInputEvents = YES;
				INFOPLIST_KEY_UILaunchStoryboardName = LaunchScreen;
				INFOPLIST_KEY_UIMainStoryboardFile = Intro;
				INFOPLIST_KEY_UISupportedInterfaceOrientations_iPad = "UIInterfaceOrientationPortrait UIInterfaceOrientationPortraitUpsideDown UIInterfaceOrientationLandscapeLeft UIInterfaceOrientationLandscapeRight";
				INFOPLIST_KEY_UISupportedInterfaceOrientations_iPhone = "UIInterfaceOrientationPortrait UIInterfaceOrientationLandscapeLeft UIInterfaceOrientationLandscapeRight";
				LD_RUNPATH_SEARCH_PATHS = (
					"$(inherited)",
					"@executable_path/Frameworks",
				);
				MARKETING_VERSION = 1.0;
				PRODUCT_BUNDLE_IDENTIFIER = com.office.MasterGo;
				PRODUCT_NAME = "$(TARGET_NAME)";
				SWIFT_EMIT_LOC_STRINGS = YES;
				SWIFT_VERSION = 5.0;
				TARGETED_DEVICE_FAMILY = "1,2";
			};
			name = Release;
		};
/* End XCBuildConfiguration section */

/* Begin XCConfigurationList section */
		48FB98DE277A0B210053CD32 /* Build configuration list for PBXProject "MasterGo" */ = {
			isa = XCConfigurationList;
			buildConfigurations = (
				48FB98F5277A0B220053CD32 /* Debug */,
				48FB98F6277A0B220053CD32 /* Release */,
			);
			defaultConfigurationIsVisible = 0;
			defaultConfigurationName = Release;
		};
		48FB98F7277A0B220053CD32 /* Build configuration list for PBXNativeTarget "MasterGo" */ = {
			isa = XCConfigurationList;
			buildConfigurations = (
				48FB98F8277A0B220053CD32 /* Debug */,
				48FB98F9277A0B220053CD32 /* Release */,
			);
			defaultConfigurationIsVisible = 0;
			defaultConfigurationName = Release;
		};
/* End XCConfigurationList section */
	};
	rootObject = 48FB98DB277A0B210053CD32 /* Project object */;
}
